
Microsoft Visual Studio Solution File, Format Version 12.00
# Visual Studio Version 16
VisualStudioVersion = 16.0.29911.84
MinimumVisualStudioVersion = 10.0.40219.1
Project("{FAE04EC0-301F-11D3-BF4B-00C04F79EFBC}") = "LINQ_Exercise", "LINQ_Exercise\LINQ_Exercise.csproj", "{FEE4F76A-8257-40FE-AB62-0926049B5D20}"
EndProject
Global
	GlobalSection(SolutionConfigurationPlatforms) = preSolution
		Debug|Any CPU = Debug|Any CPU
		Release|Any CPU = Release|Any CPU
	EndGlobalSection
	GlobalSection(ProjectConfigurationPlatforms) = postSolution
		{FEE4F76A-8257-40FE-AB62-0926049B5D20}.Debug|Any CPU.ActiveCfg = Debug|Any CPU
		{FEE4F76A-8257-40FE-AB62-0926049B5D20}.Debug|Any CPU.Build.0 = Debug|Any CPU
		{FEE4F76A-8257-40FE-AB62-0926049B5D20}.Release|Any CPU.ActiveCfg = Release|Any CPU
		{FEE4F76A-8257-40FE-AB62-0926049B5D20}.Release|Any CPU.Build.0 = Release|Any CPU
	EndGlobalSection
	GlobalSection(SolutionProperties) = preSolution
		HideSolutionNode = FALSE
	EndGlobalSection
	GlobalSection(ExtensibilityGlobals) = postSolution
		SolutionGuid = {332DE13E-ACF3-47B0-B1D4-4638C579912A}
	EndGlobalSection
EndGlobal
